{
    "_meta": {
        "hash": {
            "sha256": "f1a765de0f40fed7a2bc8fd5e560738b92f28afd1375885ecf5feea636c6fb3c"
        },
        "pipfile-spec": 6,
        "requires": {
            "python_version": "3.8"
        },
        "sources": [
            {
                "name": "pypi",
                "url": "https://pypi.org/simple",
                "verify_ssl": true
            }
        ]
    },
    "default": {
        "astropy": {
            "hashes": [
                "sha256:0b4576d9bc2ab8359f2c4b87d0496c5ad768c7a14d1b16dc634ec24d22147c79",
                "sha256:26f8dce66d3de8aa761508d76b99627ed745d99ec7c5e10289566c2082fa7dc3",
                "sha256:2d3951223b4eb7f368fcad8c8340d27374c5d8e3b635a636275acdb38f35cd51",
                "sha256:34992c0ac1da577d7a1b13171cd8097cdb4544f09687bbd27e433806d3fd2e9f",
                "sha256:434ab46e85f5406acc9f2d2084e5e36890abeaf615c8aa71178e835134b64726",
                "sha256:4b0ff70baee2a2c768cfc5f7966a371fa0741c93a7283d7e99d6a668f2606851",
                "sha256:6a5fb4ce4c964f02d7ac2b755f80f5210157a413cbfcdccbc25ad6e7586c258f",
                "sha256:98bba44f60bb3584b3ad24d1ffad1763138d4d18fc7ca31921732d2449419dd9",
                "sha256:9a01cc7b9d50f265d5d77e1f7206cda22c62720f5bed63158ee56440708848ea",
                "sha256:9e5613e897cb6da64330c5969981f576385491ff5ea61435218117d717a71ff2",
                "sha256:a0764d7f68034c584dda8d1c9cc4357ade05cec4c1134db43bce804fcf656ff1",
                "sha256:aae1e9e6b2c7811070e4a3373c54eac603f882dc381a796b981a25c02e7fafe2",
                "sha256:bcedff7bad0fbc70209751e8eb98eec7c0bd3f0e202f4ee7ff65b8ddf19d5e53",
                "sha256:beddc4a365d696214e13ff9aa9362d418ecc112f1dba6338f8ac4218fe475e25",
                "sha256:ce1095e385ec74c655866eacd1853535fbc2dd2c42a8188503fe9a68b8a98ea0",
                "sha256:dcb6d7e6631d92d5d15b7ae4e0a994829609b09a4e3af2055995187edb8989e3"
            ],
            "index": "pypi",
            "version": "==4.3.1"
        },
        "backports.zoneinfo": {
            "hashes": [
                "sha256:17746bd546106fa389c51dbea67c8b7c8f0d14b5526a579ca6ccf5ed72c526cf",
                "sha256:1b13e654a55cd45672cb54ed12148cd33628f672548f373963b0bff67b217328",
                "sha256:1c5742112073a563c81f786e77514969acb58649bcdf6cdf0b4ed31a348d4546",
                "sha256:4a0f800587060bf8880f954dbef70de6c11bbe59c673c3d818921f042f9954a6",
                "sha256:5c144945a7752ca544b4b78c8c41544cdfaf9786f25fe5ffb10e838e19a27570",
                "sha256:7b0a64cda4145548fed9efc10322770f929b944ce5cee6c0dfe0c87bf4c0c8c9",
                "sha256:8439c030a11780786a2002261569bdf362264f605dfa4d65090b64b05c9f79a7",
                "sha256:8961c0f32cd0336fb8e8ead11a1f8cd99ec07145ec2931122faaac1c8f7fd987",
                "sha256:89a48c0d158a3cc3f654da4c2de1ceba85263fafb861b98b59040a5086259722",
                "sha256:a76b38c52400b762e48131494ba26be363491ac4f9a04c1b7e92483d169f6582",
                "sha256:da6013fd84a690242c310d77ddb8441a559e9cb3d3d59ebac9aca1a57b2e18bc",
                "sha256:e55b384612d93be96506932a786bbcde5a2db7a9e6a4bb4bffe8b733f5b9036b",
                "sha256:e81b76cace8eda1fca50e345242ba977f9be6ae3945af8d46326d776b4cf78d1",
                "sha256:e8236383a20872c0cdf5a62b554b27538db7fa1bbec52429d8d106effbaeca08",
                "sha256:f04e857b59d9d1ccc39ce2da1021d196e47234873820cbeaad210724b1ee28ac",
                "sha256:fadbfe37f74051d024037f223b8e001611eac868b5c5b06144ef4d8b799862f2"
            ],
            "markers": "python_version >= '3.6' and python_version < '3.9'",
            "version": "==0.2.1"
        },
        "cached-property": {
            "hashes": [
                "sha256:9fa5755838eecbb2d234c3aa390bd80fbd3ac6b6869109bfc1b499f7bd89a130",
                "sha256:df4f613cf7ad9a588cc381aaf4a512d26265ecebd5eb9e1ba12f1319eb85a6a0"
            ],
            "index": "pypi",
            "version": "==1.5.2"
        },
        "certifi": {
            "hashes": [
                "sha256:78884e7c1d4b00ce3cea67b44566851c4343c120abd683433ce934a68ea58872",
                "sha256:d62a0163eb4c2344ac042ab2bdf75399a71a2d8c7d47eac2e2ee91b9d6339569"
            ],
            "version": "==2021.10.8"
        },
        "geographiclib": {
            "hashes": [
                "sha256:8f441c527b0b8a26cd96c965565ff0513d1e4d9952b704bf449409e5015c77b7",
                "sha256:ac400d672b8954b0306bca890b088bb8ba2a757dc8133cca0b878f34b33b2740"
            ],
            "version": "==1.52"
        },
        "geopy": {
            "hashes": [
                "sha256:58b7edf526b8c32e33126570b5f4fcdfaa29d4416506064777ae8d84cd103fdd",
                "sha256:8f1f949082b964385de61fcc3a667a6a9a6e242beb1ae8972449f164b2ba0e89"
            ],
            "index": "pypi",
            "version": "==2.2.0"
        },
        "h5py": {
            "hashes": [
                "sha256:320f5810e058dcea73529dc98ae42263d34004bcc9209d7bf44eac5136716c3f",
                "sha256:3f9518c37a8b9cd067927a8cbc6fe96846d5d28c32e10baf49c8a1d012c9b0a6",
                "sha256:40fe8572511c317ec7598271b5dce9c25957cc373af733e53ea246bbf0244958",
                "sha256:77c7be4001ac7d3ed80477de5b6942501d782de1bbe4886597bdfec2a7ab821f",
                "sha256:834a53178fc558c9832081fd18bc22f6f2585edcc06c802adfa4afb07ff884b4",
                "sha256:c99329ebe346a73bd13bf3fc3d54ee9421f6ee00de6ea085c64a856a9acee7b3",
                "sha256:cdff848353e2d20d5f66535957595c79932851f51e496623a96186d02ba0cf30",
                "sha256:d15e1556ff9591b3f3d8c7b3b66085f3867e5500528663bf11c499ab71c9c6b6",
                "sha256:f75d7bdaba8d3537490b0f53adcd043991ada3597f88e772969172c45145a8f6",
                "sha256:fc763e707aa631fdc200878c7b5c13ea5b5d1f9772696871dcd6f0f5932fcd35"
            ],
            "index": "pypi",
            "version": "==3.5.0"
        },
        "jplephem": {
            "hashes": [
                "sha256:abb1dce2f5a2d8862a19866639397b230d0ca114cfcf613b2d4e49eeb5dd71f7"
            ],
            "version": "==2.16"
        },
        "numpy": {
            "hashes": [
                "sha256:043e83bfc274649c82a6f09836943e4a4aebe5e33656271c7dbf9621dd58b8ec",
                "sha256:160ccc1bed3a8371bf0d760971f09bfe80a3e18646620e9ded0ad159d9749baa",
                "sha256:188031f833bbb623637e66006cf75e933e00e7231f67e2b45cf8189612bb5dc3",
                "sha256:28f15209fb535dd4c504a7762d3bc440779b0e37d50ed810ced209e5cea60d96",
                "sha256:29fb3dcd0468b7715f8ce2c0c2d9bbbaf5ae686334951343a41bd8d155c6ea27",
                "sha256:2a6ee9620061b2a722749b391c0d80a0e2ae97290f1b32e28d5a362e21941ee4",
                "sha256:300321e3985c968e3ae7fbda187237b225f3ffe6528395a5b7a5407f73cf093e",
                "sha256:32437f0b275c1d09d9c3add782516413e98cd7c09e6baf4715cbce781fc29912",
                "sha256:3c09418a14471c7ae69ba682e2428cae5b4420a766659605566c0fa6987f6b7e",
                "sha256:49c6249260890e05b8111ebfc391ed58b3cb4b33e63197b2ec7f776e45330721",
                "sha256:4cc9b512e9fb590797474f58b7f6d1f1b654b3a94f4fa8558b48ca8b3cfc97cf",
                "sha256:508b0b513fa1266875524ba8a9ecc27b02ad771fe1704a16314dc1a816a68737",
                "sha256:50cd26b0cf6664cb3b3dd161ba0a09c9c1343db064e7c69f9f8b551f5104d654",
                "sha256:5c4193f70f8069550a1788bd0cd3268ab7d3a2b70583dfe3b2e7f421e9aace06",
                "sha256:5dfe9d6a4c39b8b6edd7990091fea4f852888e41919d0e6722fe78dd421db0eb",
                "sha256:63571bb7897a584ca3249c86dd01c10bcb5fe4296e3568b2e9c1a55356b6410e",
                "sha256:75621882d2230ab77fb6a03d4cbccd2038511491076e7964ef87306623aa5272",
                "sha256:75eb7cadc8da49302f5b659d40ba4f6d94d5045fbd9569c9d058e77b0514c9e4",
                "sha256:88a5d6b268e9ad18f3533e184744acdaa2e913b13148160b1152300c949bbb5f",
                "sha256:8a10968963640e75cc0193e1847616ab4c718e83b6938ae74dea44953950f6b7",
                "sha256:90bec6a86b348b4559b6482e2b684db4a9a7eed1fa054b86115a48d58fbbf62a",
                "sha256:98339aa9911853f131de11010f6dd94c8cec254d3d1f7261528c3b3e3219f139",
                "sha256:a99a6b067e5190ac6d12005a4d85aa6227c5606fa93211f86b1dafb16233e57d",
                "sha256:bffa2eee3b87376cc6b31eee36d05349571c236d1de1175b804b348dc0941e3f",
                "sha256:c6c2d535a7beb1f8790aaa98fd089ceab2e3dd7ca48aca0af7dc60e6ef93ffe1",
                "sha256:cc14e7519fab2a4ed87d31f99c31a3796e4e1fe63a86ebdd1c5a1ea78ebd5896",
                "sha256:dd0482f3fc547f1b1b5d6a8b8e08f63fdc250c58ce688dedd8851e6e26cff0f3",
                "sha256:dde972a1e11bb7b702ed0e447953e7617723760f420decb97305e66fb4afc54f",
                "sha256:e54af82d68ef8255535a6cdb353f55d6b8cf418a83e2be3569243787a4f4866f",
                "sha256:e606e6316911471c8d9b4618e082635cfe98876007556e89ce03d52ff5e8fcf0",
                "sha256:f41b018f126aac18583956c54544db437f25c7ee4794bcb23eb38bef8e5e192a",
                "sha256:f8f4625536926a155b80ad2bbff44f8cc59e9f2ad14cdda7acf4c135b4dc8ff2",
                "sha256:fe52dbe47d9deb69b05084abd4b0df7abb39a3c51957c09f635520abd49b29dd"
            ],
            "index": "pypi",
            "version": "==1.21.3"
        },
        "pandas": {
            "hashes": [
                "sha256:003ba92db58b71a5f8add604a17a059f3068ef4e8c0c365b088468d0d64935fd",
                "sha256:10e10a2527db79af6e830c3d5842a4d60383b162885270f8cffc15abca4ba4a9",
                "sha256:22808afb8f96e2269dcc5b846decacb2f526dd0b47baebc63d913bf847317c8f",
                "sha256:2d1dc09c0013d8faa7474574d61b575f9af6257ab95c93dcf33a14fd8d2c1bab",
                "sha256:35c77609acd2e4d517da41bae0c11c70d31c87aae8dd1aabd2670906c6d2c143",
                "sha256:372d72a3d8a5f2dbaf566a5fa5fa7f230842ac80f29a931fb4b071502cf86b9a",
                "sha256:42493f8ae67918bf129869abea8204df899902287a7f5eaf596c8e54e0ac7ff4",
                "sha256:4acc28364863127bca1029fb72228e6f473bb50c32e77155e80b410e2068eeac",
                "sha256:5298a733e5bfbb761181fd4672c36d0c627320eb999c59c65156c6a90c7e1b4f",
                "sha256:5ba0aac1397e1d7b654fccf263a4798a9e84ef749866060d19e577e927d66e1b",
                "sha256:9707bdc1ea9639c886b4d3be6e2a45812c1ac0c2080f94c31b71c9fa35556f9b",
                "sha256:a2aa18d3f0b7d538e21932f637fbfe8518d085238b429e4790a35e1e44a96ffc",
                "sha256:a388960f979665b447f0847626e40f99af8cf191bce9dc571d716433130cb3a7",
                "sha256:a51528192755f7429c5bcc9e80832c517340317c861318fea9cea081b57c9afd",
                "sha256:b528e126c13816a4374e56b7b18bfe91f7a7f6576d1aadba5dee6a87a7f479ae",
                "sha256:c1aa4de4919358c5ef119f6377bc5964b3a7023c23e845d9db7d9016fa0c5b1c",
                "sha256:c2646458e1dce44df9f71a01dc65f7e8fa4307f29e5c0f2f92c97f47a5bf22f5",
                "sha256:c2f44425594ae85e119459bb5abb0748d76ef01d9c08583a667e3339e134218e",
                "sha256:d47750cf07dee6b55d8423471be70d627314277976ff2edd1381f02d52dbadf9",
                "sha256:d99d2350adb7b6c3f7f8f0e5dfb7d34ff8dd4bc0a53e62c445b7e43e163fce63",
                "sha256:dd324f8ee05925ee85de0ea3f0d66e1362e8c80799eb4eb04927d32335a3e44a",
                "sha256:eaca36a80acaacb8183930e2e5ad7f71539a66805d6204ea88736570b2876a7b",
                "sha256:f567e972dce3bbc3a8076e0b675273b4a9e8576ac629149cf8286ee13c259ae5",
                "sha256:fe48e4925455c964db914b958f6e7032d285848b7538a5e1b19aeb26ffaea3ec"
            ],
            "index": "pypi",
            "version": "==1.3.4"
        },
        "pyerfa": {
            "hashes": [
                "sha256:05c0801ad7618f74e2b9dee522c5dee5738cac062fe22da589f05b3b9f264d06",
                "sha256:155ab1102e6c380c41d06a10cdc06626ddab422033389e00aac1f77d7e7c7292",
                "sha256:15fb0d4e700d2c0775dd343b75db5318ee21dcfcae1c098ea7a82ead356163a1",
                "sha256:2e003a5541fa1064d4c1c154354ce9bb83a5b62325ba3137ed4fbb1852d66c21",
                "sha256:35685c6b515692a2ea03d8f29e3757d68ebc08906ed5ecdc9dfcbf22f6c39326",
                "sha256:36cd8a6e43130746e51743548b0f36a79fc7aa95566878cd99ba8084b6fcf59e",
                "sha256:40fd3f50c56f93828aeea7af2cdae3e210dcd16b766fd36d9d28cbf8c78280d7",
                "sha256:49c71388cc54f18bfd877be54e523184263cfe34a52d807c071236cafa119af9",
                "sha256:4a160fb18d74a6e1a3588bbcda7da35170854a758539a8a3cfb97b833726e101",
                "sha256:5e1ed2d0086878171e5156c6be4b24ac3c2a47274e8dbe8c2f69fefc7d4d60e7",
                "sha256:629c2e24bfcbc165ccf59373f86207a5f0ac672645782514ce0fb93439e63132",
                "sha256:6375b857a65188db3c440b30d13bc9d3573849ab766cad0041471ae0fdb2f9c9",
                "sha256:6586ef651c15ee05e919499ccfc0dc2b2fae20412f521669f8eeb6d93f2532c8",
                "sha256:74f0e73c1c7931ad5535a4fe81d81dbe7635fd8cf5dfe6fd687627aecfadf2af",
                "sha256:77c44eebd86fc97c438e0960ffdd2ad93232186eb4fab3c94abfc06ae528ee08",
                "sha256:894ada2a29a5baa006982e694b33db384a27dbb8b9323bc4dc29ad1a2bd3303b",
                "sha256:94fecd6d9ef0369cf5787184a292959629e4b1ed12a347ab2bd9bea61f3d194f",
                "sha256:a9f8e5cbb1730a0533552fbe6f5f1ead5fe18735f9fba25a600f41e18cd7c0fa",
                "sha256:b3d18a4a4fb82df9954b0d92a9963a620889111bc5c6049e0bbecdc3169bdeb5",
                "sha256:c3edc9a23702fcb104c551b2d0ebd553ae1a8fb7ae5047116020b41f309ef665",
                "sha256:e784a5071e069b074b175798cdfd1a5de825a8e2aa9d815af74be41acc7d145e",
                "sha256:f904231e1a570f94440e06140799590895107f942847b52a753ce81c9609162d"
            ],
            "markers": "python_version >= '3.7'",
            "version": "==2.0.0"
        },
        "python-dateutil": {
            "hashes": [
                "sha256:0123cacc1627ae19ddf3c27a5de5bd67ee4586fbdd6440d9748f8abb483d3e86",
                "sha256:961d03dc3453ebbc59dbdea9e4e11c5651520a876d0f4db161e8674aae935da9"
            ],
            "markers": "python_version >= '2.7' and python_version not in '3.0, 3.1, 3.2, 3.3'",
            "version": "==2.8.2"
        },
        "pytz": {
            "hashes": [
                "sha256:3672058bc3453457b622aab7a1c3bfd5ab0bdae451512f6cf25f64ed37f5b87c",
                "sha256:acad2d8b20a1af07d4e4c9d2e9285c5ed9104354062f275f3fcd88dcef4f1326"
            ],
            "index": "pypi",
            "version": "==2021.3"
        },
        "pytz-deprecation-shim": {
            "hashes": [
                "sha256:8314c9692a636c8eb3bda879b9f119e350e93223ae83e70e80c31675a0fdc1a6",
                "sha256:af097bae1b616dde5c5744441e2ddc69e74dfdcb0c263129610d85b87445a59d"
            ],
            "markers": "python_version >= '2.7' and python_version not in '3.0, 3.1, 3.2, 3.3, 3.4, 3.5'",
            "version": "==0.1.0.post0"
        },
        "pyyaml": {
            "hashes": [
                "sha256:0283c35a6a9fbf047493e3a0ce8d79ef5030852c51e9d911a27badfde0605293",
                "sha256:055d937d65826939cb044fc8c9b08889e8c743fdc6a32b33e2390f66013e449b",
                "sha256:07751360502caac1c067a8132d150cf3d61339af5691fe9e87803040dbc5db57",
                "sha256:0b4624f379dab24d3725ffde76559cff63d9ec94e1736b556dacdfebe5ab6d4b",
                "sha256:0ce82d761c532fe4ec3f87fc45688bdd3a4c1dc5e0b4a19814b9009a29baefd4",
                "sha256:1e4747bc279b4f613a09eb64bba2ba602d8a6664c6ce6396a4d0cd413a50ce07",
                "sha256:213c60cd50106436cc818accf5baa1aba61c0189ff610f64f4a3e8c6726218ba",
                "sha256:231710d57adfd809ef5d34183b8ed1eeae3f76459c18fb4a0b373ad56bedcdd9",
                "sha256:277a0ef2981ca40581a47093e9e2d13b3f1fbbeffae064c1d21bfceba2030287",
                "sha256:2cd5df3de48857ed0544b34e2d40e9fac445930039f3cfe4bcc592a1f836d513",
                "sha256:40527857252b61eacd1d9af500c3337ba8deb8fc298940291486c465c8b46ec0",
                "sha256:473f9edb243cb1935ab5a084eb238d842fb8f404ed2193a915d1784b5a6b5fc0",
                "sha256:48c346915c114f5fdb3ead70312bd042a953a8ce5c7106d5bfb1a5254e47da92",
                "sha256:50602afada6d6cbfad699b0c7bb50d5ccffa7e46a3d738092afddc1f9758427f",
                "sha256:68fb519c14306fec9720a2a5b45bc9f0c8d1b9c72adf45c37baedfcd949c35a2",
                "sha256:77f396e6ef4c73fdc33a9157446466f1cff553d979bd00ecb64385760c6babdc",
                "sha256:819b3830a1543db06c4d4b865e70ded25be52a2e0631ccd2f6a47a2822f2fd7c",
                "sha256:897b80890765f037df3403d22bab41627ca8811ae55e9a722fd0392850ec4d86",
                "sha256:98c4d36e99714e55cfbaaee6dd5badbc9a1ec339ebfc3b1f52e293aee6bb71a4",
                "sha256:9df7ed3b3d2e0ecfe09e14741b857df43adb5a3ddadc919a2d94fbdf78fea53c",
                "sha256:9fa600030013c4de8165339db93d182b9431076eb98eb40ee068700c9c813e34",
                "sha256:a80a78046a72361de73f8f395f1f1e49f956c6be882eed58505a15f3e430962b",
                "sha256:b3d267842bf12586ba6c734f89d1f5b871df0273157918b0ccefa29deb05c21c",
                "sha256:b5b9eccad747aabaaffbc6064800670f0c297e52c12754eb1d976c57e4f74dcb",
                "sha256:c5687b8d43cf58545ade1fe3e055f70eac7a5a1a0bf42824308d868289a95737",
                "sha256:cba8c411ef271aa037d7357a2bc8f9ee8b58b9965831d9e51baf703280dc73d3",
                "sha256:d15a181d1ecd0d4270dc32edb46f7cb7733c7c508857278d3d378d14d606db2d",
                "sha256:d4db7c7aef085872ef65a8fd7d6d09a14ae91f691dec3e87ee5ee0539d516f53",
                "sha256:d4eccecf9adf6fbcc6861a38015c2a64f38b9d94838ac1810a9023a0609e1b78",
                "sha256:d67d839ede4ed1b28a4e8909735fc992a923cdb84e618544973d7dfc71540803",
                "sha256:daf496c58a8c52083df09b80c860005194014c3698698d1a57cbcfa182142a3a",
                "sha256:e61ceaab6f49fb8bdfaa0f92c4b57bcfbea54c09277b1b4f7ac376bfb7a7c174",
                "sha256:f84fbc98b019fef2ee9a1cb3ce93e3187a6df0b2538a651bfb890254ba9f90b5"
            ],
            "index": "pypi",
            "version": "==6.0"
        },
        "sgp4": {
            "hashes": [
                "sha256:05f22b4fd91861ee2e0e03a528c1aef11a8b263a60ab5f723d32cdb65dac3eaa",
                "sha256:06586caf071e3427bc4e5a5c84a806045532040dc2c35ca0ff12f34cab2ecb5c",
                "sha256:1af727dfe02ef32babd124644e96b8cc109b22142efb44e37d0e3aaf4c38a1ab",
                "sha256:1d3b5abc07266203f4b453e7c1ca8403ef2d7b8d1779c14c9a4177e4b1558ba5",
                "sha256:24477da85936b864fd765911f808a4d113c81189c2a0ecd5992bcdf9aecbf5ef",
                "sha256:2a89fc1debacfa10cf55ae1d40472037a57687b1ae3b66e7196e5af53fb96a56",
                "sha256:2b449e6cab15748608c6083f86b0059d26093f76fa227010df09d8f0954b3bbd",
                "sha256:3e3eb29c308d30d010316832606af184d243d5aab8ccc5d589f3cb85d74471f7",
                "sha256:43c2c6d464144bb80987b2e66f3992add58c65e095abe2b9d567650fdb877a9d",
                "sha256:4d5eb2aff4f645f5020ac869ec453dcd807836b3eb8b459d569eda40c358cd76",
                "sha256:642bae76c6e55b72feda3c5ca3721e837f2702816a120805349b06e40f85faea",
                "sha256:67f99f534fdc5650d8efe516e77dd9b43e4cb8ab9b38f2b66484085c0ff75077",
                "sha256:6c906973dc2966cba8065f359c3eaa18505280be8f625b54ebb98f5ddeb8d205",
                "sha256:7d848698ae2bf5bb9ea2082640b0417175a6b2e6e8d580114ebe04265cd1bfb4",
                "sha256:80f9b2f1c2ac53c7b8cbf1a08e5a39a56c1b7c18d3e0de922078758a784b0b20",
                "sha256:876b82d41a859c9ff65d3bdb7f6a3cecfc63bea529b4dc751b06eefbd6c3f1e0",
                "sha256:8c2f4f99ab360a93768bf88ad6a9fdf83edfa6292e0a0ac8924c85fde11b2055",
                "sha256:9fde328872f484eb644dabe32122ba617570ff61b548b7200a9d63629ac3097c",
                "sha256:b2169cd536355fc67e3870acea34c4fc22b2ccecab2c0bf45a01edfe646fe3d0",
                "sha256:cf4d5ac32b5e84c7b420109a09ea3c3741844fa92776f79d1c852cc67e2c1364",
                "sha256:d42a3dcdfd394c5059b99bbf8b35311e03e87d21fbfb6ba2d5c5d2dfad15d4d7",
                "sha256:dbfffe1ff2c223804e2ebdeb568baad46f40342943c4a74169fd75dc5dddda57",
                "sha256:dfc5214b65ad8229c499f0da3f5042a18239f12f4318e90d892a79dcbf27282f",
                "sha256:e73680b3b7b8b977766ae91eadd92988a0c3e36248dcac5d8263a957bec34a04",
                "sha256:e8ecc01fdffe81f11ca94bb255024379e62c92f73e2baec2bdf5a3c3108221ff",
                "sha256:ea37423d4317ec5351a4e3b6a3947a6053978e5290549d77ba375459527f7ccb",
                "sha256:ee329571c1a25ce4f1e2b01d6f923791d16c5a7a3a75219317073bc50a7d25fe",
                "sha256:ee3688ae409a201107927b24be10db2a61efdd5a919737b4900c57ee8b3a22d6",
                "sha256:f5d2830f2896cecc4af0729cd328994ae823f277f481d4fc992383eb79f3742a"
            ],
            "version": "==2.20"
        },
        "six": {
            "hashes": [
                "sha256:1e61c37477a1626458e36f7b1d82aa5c9b094fa4802892072e49de9c60c4c926",
                "sha256:8abb2f1d86890a2dfb989f9a77cfcfd3e47c2a354b01111771326f8aa26e0254"
            ],
            "markers": "python_version >= '2.7' and python_version not in '3.0, 3.1, 3.2, 3.3'",
            "version": "==1.16.0"
        },
        "skyfield": {
            "hashes": [
                "sha256:5a8da9720b49981bc6fc60ab8d52ef42a8d46fe7161e34ef6dd1d496de9903e2"
            ],
            "index": "pypi",
            "version": "==1.39"
        },
        "tqdm": {
            "hashes": [
                "sha256:8dd278a422499cd6b727e6ae4061c40b48fce8b76d1ccbf5d34fca9b7f925b0c",
                "sha256:d359de7217506c9851b7869f3708d8ee53ed70a1b8edbba4dbcb47442592920d"
            ],
            "index": "pypi",
            "version": "==4.62.3"
        },
        "tzdata": {
            "hashes": [
                "sha256:3eee491e22ebfe1e5cfcc97a4137cd70f092ce59144d81f8924a844de05ba8f5",
                "sha256:68dbe41afd01b867894bbdfd54fa03f468cfa4f0086bfb4adcd8de8f24f3ee21"
            ],
            "markers": "python_version >= '3.6'",
            "version": "==2021.5"
        },
        "tzlocal": {
            "hashes": [
                "sha256:0f28015ac68a5c067210400a9197fc5d36ba9bc3f8eaf1da3cbd59acdfed9e09",
                "sha256:28ba8d9fcb6c9a782d6e0078b4f6627af1ea26aeaa32b4eab5324abc7df4149f"
            ],
            "index": "pypi",
            "version": "==4.1"
        }
    },
    "develop": {}
}
